
Microsoft Visual Studio Solution File, Format Version 12.00
# Visual Studio Version 17
VisualStudioVersion = 17.8.34316.72
MinimumVisualStudioVersion = 10.0.40219.1
Project("{FAE04EC0-301F-11D3-BF4B-00C04F79EFBC}") = "IoCPrincipleExercise", "IoCPrincipleExercise\IoCPrincipleExercise.csproj", "{3462CC82-F53A-4F32-AA3C-8BA5EBE87C87}"
EndProject
Global
	GlobalSection(SolutionConfigurationPlatforms) = preSolution
		Debug|Any CPU = Debug|Any CPU
		Release|Any CPU = Release|Any CPU
	EndGlobalSection
	GlobalSection(ProjectConfigurationPlatforms) = postSolution
		{3462CC82-F53A-4F32-AA3C-8BA5EBE87C87}.Debug|Any CPU.ActiveCfg = Debug|Any CPU
		{3462CC82-F53A-4F32-AA3C-8BA5EBE87C87}.Debug|Any CPU.Build.0 = Debug|Any CPU
		{3462CC82-F53A-4F32-AA3C-8BA5EBE87C87}.Release|Any CPU.ActiveCfg = Release|Any CPU
		{3462CC82-F53A-4F32-AA3C-8BA5EBE87C87}.Release|Any CPU.Build.0 = Release|Any CPU
	EndGlobalSection
	GlobalSection(SolutionProperties) = preSolution
		HideSolutionNode = FALSE
	EndGlobalSection
	GlobalSection(ExtensibilityGlobals) = postSolution
		SolutionGuid = {81F427C1-8E57-44F5-B935-9AFCC0D568A8}
	EndGlobalSection
EndGlobal
